
Microsoft Visual Studio Solution File, Format Version 12.00
# Visual Studio Version 17
VisualStudioVersion = 17.9.34714.143
MinimumVisualStudioVersion = 10.0.40219.1
Project("{FAE04EC0-301F-11D3-BF4B-00C04F79EFBC}") = "lab5", "lab5.csproj", "{29B006AC-7076-4B33-A99B-672CB382ACE5}"
EndProject
Global
	GlobalSection(SolutionConfigurationPlatforms) = preSolution
		Debug|Any CPU = Debug|Any CPU
		Release|Any CPU = Release|Any CPU
	EndGlobalSection
	GlobalSection(ProjectConfigurationPlatforms) = postSolution
		{29B006AC-7076-4B33-A99B-672CB382ACE5}.Debug|Any CPU.ActiveCfg = Debug|Any CPU
		{29B006AC-7076-4B33-A99B-672CB382ACE5}.Debug|Any CPU.Build.0 = Debug|Any CPU
		{29B006AC-7076-4B33-A99B-672CB382ACE5}.Release|Any CPU.ActiveCfg = Release|Any CPU
		{29B006AC-7076-4B33-A99B-672CB382ACE5}.Release|Any CPU.Build.0 = Release|Any CPU
	EndGlobalSection
	GlobalSection(SolutionProperties) = preSolution
		HideSolutionNode = FALSE
	EndGlobalSection
	GlobalSection(ExtensibilityGlobals) = postSolution
		SolutionGuid = {1C8E229E-C5F9-4ACA-A53D-6085D469A57B}
	EndGlobalSection
EndGlobal
