
Microsoft Visual Studio Solution File, Format Version 12.00
# Visual Studio Version 17
VisualStudioVersion = 17.11.35222.181
MinimumVisualStudioVersion = 10.0.40219.1
Project("{8BC9CEB8-8B4A-11D0-8D11-00A0C91BC942}") = "ServerT", "ServerT\ServerT.vcxproj", "{F83A9F05-022F-4C28-A07B-AA496694B9EB}"
EndProject
Global
	GlobalSection(SolutionConfigurationPlatforms) = preSolution
		Debug|x64 = Debug|x64
		Debug|x86 = Debug|x86
		Release|x64 = Release|x64
		Release|x86 = Release|x86
	EndGlobalSection
	GlobalSection(ProjectConfigurationPlatforms) = postSolution
		{F83A9F05-022F-4C28-A07B-AA496694B9EB}.Debug|x64.ActiveCfg = Debug|x64
		{F83A9F05-022F-4C28-A07B-AA496694B9EB}.Debug|x64.Build.0 = Debug|x64
		{F83A9F05-022F-4C28-A07B-AA496694B9EB}.Debug|x86.ActiveCfg = Debug|Win32
		{F83A9F05-022F-4C28-A07B-AA496694B9EB}.Debug|x86.Build.0 = Debug|Win32
		{F83A9F05-022F-4C28-A07B-AA496694B9EB}.Release|x64.ActiveCfg = Release|x64
		{F83A9F05-022F-4C28-A07B-AA496694B9EB}.Release|x64.Build.0 = Release|x64
		{F83A9F05-022F-4C28-A07B-AA496694B9EB}.Release|x86.ActiveCfg = Release|Win32
		{F83A9F05-022F-4C28-A07B-AA496694B9EB}.Release|x86.Build.0 = Release|Win32
	EndGlobalSection
	GlobalSection(SolutionProperties) = preSolution
		HideSolutionNode = FALSE
	EndGlobalSection
	GlobalSection(ExtensibilityGlobals) = postSolution
		SolutionGuid = {E171D8CA-98A4-4D75-BE08-392F786324A0}
	EndGlobalSection
EndGlobal
