
Microsoft Visual Studio Solution File, Format Version 12.00
# Visual Studio Version 17
VisualStudioVersion = 17.5.33424.131
MinimumVisualStudioVersion = 10.0.40219.1
Project("{FAE04EC0-301F-11D3-BF4B-00C04F79EFBC}") = "8.2", "8.2\8.2.csproj", "{E393FCD1-708D-4669-BCCD-3A70CC8DA251}"
EndProject
Global
	GlobalSection(SolutionConfigurationPlatforms) = preSolution
		Debug|Any CPU = Debug|Any CPU
		Release|Any CPU = Release|Any CPU
	EndGlobalSection
	GlobalSection(ProjectConfigurationPlatforms) = postSolution
		{E393FCD1-708D-4669-BCCD-3A70CC8DA251}.Debug|Any CPU.ActiveCfg = Debug|Any CPU
		{E393FCD1-708D-4669-BCCD-3A70CC8DA251}.Debug|Any CPU.Build.0 = Debug|Any CPU
		{E393FCD1-708D-4669-BCCD-3A70CC8DA251}.Release|Any CPU.ActiveCfg = Release|Any CPU
		{E393FCD1-708D-4669-BCCD-3A70CC8DA251}.Release|Any CPU.Build.0 = Release|Any CPU
	EndGlobalSection
	GlobalSection(SolutionProperties) = preSolution
		HideSolutionNode = FALSE
	EndGlobalSection
	GlobalSection(ExtensibilityGlobals) = postSolution
		SolutionGuid = {6F5E13AE-C1C7-412E-B908-661E0BD033F0}
	EndGlobalSection
EndGlobal
