
Microsoft Visual Studio Solution File, Format Version 12.00
# Visual Studio Version 17
VisualStudioVersion = 17.9.34714.143
MinimumVisualStudioVersion = 10.0.40219.1
Project("{FAE04EC0-301F-11D3-BF4B-00C04F79EFBC}") = "lab8_1", "lab8_1.csproj", "{615B4192-29FC-4AEB-8803-9702A01924D9}"
EndProject
Global
	GlobalSection(SolutionConfigurationPlatforms) = preSolution
		Debug|Any CPU = Debug|Any CPU
		Release|Any CPU = Release|Any CPU
	EndGlobalSection
	GlobalSection(ProjectConfigurationPlatforms) = postSolution
		{615B4192-29FC-4AEB-8803-9702A01924D9}.Debug|Any CPU.ActiveCfg = Debug|Any CPU
		{615B4192-29FC-4AEB-8803-9702A01924D9}.Debug|Any CPU.Build.0 = Debug|Any CPU
		{615B4192-29FC-4AEB-8803-9702A01924D9}.Release|Any CPU.ActiveCfg = Release|Any CPU
		{615B4192-29FC-4AEB-8803-9702A01924D9}.Release|Any CPU.Build.0 = Release|Any CPU
	EndGlobalSection
	GlobalSection(SolutionProperties) = preSolution
		HideSolutionNode = FALSE
	EndGlobalSection
	GlobalSection(ExtensibilityGlobals) = postSolution
		SolutionGuid = {7B10DA03-734B-447E-A590-CD58FC276E73}
	EndGlobalSection
EndGlobal
