
Microsoft Visual Studio Solution File, Format Version 12.00
# Visual Studio Version 17
VisualStudioVersion = 17.8.34511.84
MinimumVisualStudioVersion = 10.0.40219.1
Project("{FAE04EC0-301F-11D3-BF4B-00C04F79EFBC}") = "3_2", "3_2\3_2.csproj", "{2C4F0DCE-B0E9-4990-BF74-3EA36FED6781}"
EndProject
Global
	GlobalSection(SolutionConfigurationPlatforms) = preSolution
		Debug|Any CPU = Debug|Any CPU
		Release|Any CPU = Release|Any CPU
	EndGlobalSection
	GlobalSection(ProjectConfigurationPlatforms) = postSolution
		{2C4F0DCE-B0E9-4990-BF74-3EA36FED6781}.Debug|Any CPU.ActiveCfg = Debug|Any CPU
		{2C4F0DCE-B0E9-4990-BF74-3EA36FED6781}.Debug|Any CPU.Build.0 = Debug|Any CPU
		{2C4F0DCE-B0E9-4990-BF74-3EA36FED6781}.Release|Any CPU.ActiveCfg = Release|Any CPU
		{2C4F0DCE-B0E9-4990-BF74-3EA36FED6781}.Release|Any CPU.Build.0 = Release|Any CPU
	EndGlobalSection
	GlobalSection(SolutionProperties) = preSolution
		HideSolutionNode = FALSE
	EndGlobalSection
	GlobalSection(ExtensibilityGlobals) = postSolution
		SolutionGuid = {90E593A2-D44B-4B02-97BA-87D9322AD035}
	EndGlobalSection
EndGlobal
