
Microsoft Visual Studio Solution File, Format Version 12.00
# Visual Studio Version 17
VisualStudioVersion = 17.5.33424.131
MinimumVisualStudioVersion = 10.0.40219.1
Project("{FAE04EC0-301F-11D3-BF4B-00C04F79EFBC}") = "4_2", "4_2\4_2.csproj", "{67B68235-D3BF-4753-AC21-07A7E9660607}"
EndProject
Global
	GlobalSection(SolutionConfigurationPlatforms) = preSolution
		Debug|Any CPU = Debug|Any CPU
		Release|Any CPU = Release|Any CPU
	EndGlobalSection
	GlobalSection(ProjectConfigurationPlatforms) = postSolution
		{67B68235-D3BF-4753-AC21-07A7E9660607}.Debug|Any CPU.ActiveCfg = Debug|Any CPU
		{67B68235-D3BF-4753-AC21-07A7E9660607}.Debug|Any CPU.Build.0 = Debug|Any CPU
		{67B68235-D3BF-4753-AC21-07A7E9660607}.Release|Any CPU.ActiveCfg = Release|Any CPU
		{67B68235-D3BF-4753-AC21-07A7E9660607}.Release|Any CPU.Build.0 = Release|Any CPU
	EndGlobalSection
	GlobalSection(SolutionProperties) = preSolution
		HideSolutionNode = FALSE
	EndGlobalSection
	GlobalSection(ExtensibilityGlobals) = postSolution
		SolutionGuid = {672426E4-4529-4F72-A7FA-4A8628A638BC}
	EndGlobalSection
EndGlobal
